
Microsoft Visual Studio Solution File, Format Version 12.00
# Visual Studio 14
VisualStudioVersion = 14.0.25420.1
MinimumVisualStudioVersion = 10.0.40219.1
Project("{FAE04EC0-301F-11D3-BF4B-00C04F79EFBC}") = "PS4 PS2 Classis GUI", "PS4 PS2 Classis GUI\PS4 PS2 Classis GUI.csproj", "{4289FC42-D3FA-4074-B193-AE585F9E9791}"
EndProject
Project("{FAE04EC0-301F-11D3-BF4B-00C04F79EFBC}") = "PS4 PS2 Classics Gui (WPF)", "PS4 PS2 Classics Gui (WPF)\PS4 PS2 Classics Gui (WPF).csproj", "{AD386629-2381-4FBB-B91F-64F912D31CE0}"
EndProject
Global
	GlobalSection(SolutionConfigurationPlatforms) = preSolution
		Debug|Any CPU = Debug|Any CPU
		Release|Any CPU = Release|Any CPU
	EndGlobalSection
	GlobalSection(ProjectConfigurationPlatforms) = postSolution
		{4289FC42-D3FA-4074-B193-AE585F9E9791}.Debug|Any CPU.ActiveCfg = Debug|Any CPU
		{4289FC42-D3FA-4074-B193-AE585F9E9791}.Debug|Any CPU.Build.0 = Debug|Any CPU
		{4289FC42-D3FA-4074-B193-AE585F9E9791}.Release|Any CPU.ActiveCfg = Release|Any CPU
		{4289FC42-D3FA-4074-B193-AE585F9E9791}.Release|Any CPU.Build.0 = Release|Any CPU
		{AD386629-2381-4FBB-B91F-64F912D31CE0}.Debug|Any CPU.ActiveCfg = Debug|Any CPU
		{AD386629-2381-4FBB-B91F-64F912D31CE0}.Debug|Any CPU.Build.0 = Debug|Any CPU
		{AD386629-2381-4FBB-B91F-64F912D31CE0}.Release|Any CPU.ActiveCfg = Release|Any CPU
		{AD386629-2381-4FBB-B91F-64F912D31CE0}.Release|Any CPU.Build.0 = Release|Any CPU
	EndGlobalSection
	GlobalSection(SolutionProperties) = preSolution
		HideSolutionNode = FALSE
	EndGlobalSection
EndGlobal
